
Microsoft Visual Studio Solution File, Format Version 12.00
# Visual Studio 14
VisualStudioVersion = 14.0.25420.1
MinimumVisualStudioVersion = 10.0.40219.1
Project("{FAE04EC0-301F-11D3-BF4B-00C04F79EFBC}") = "Executor", "Executor\Executor.csproj", "{6961DA9A-D260-4822-8478-60D39AEDB483}"
EndProject
Project("{FAE04EC0-301F-11D3-BF4B-00C04F79EFBC}") = "OpenTK", "..\opentk-develop\Source\OpenTK\OpenTK.csproj", "{A37A7E14-0000-0000-0000-000000000000}"
EndProject
Project("{FAE04EC0-301F-11D3-BF4B-00C04F79EFBC}") = "MemoryClassBuild", "..\MemoryClassBuild\MemoryClassBuild.csproj", "{99EE201E-CE26-44A5-AB48-6AFE197CD002}"
EndProject
Global
	GlobalSection(SolutionConfigurationPlatforms) = preSolution
		Debug|Any CPU = Debug|Any CPU
		Debug|x64 = Debug|x64
		Debug|x86 = Debug|x86
		DebugMinimal|Any CPU = DebugMinimal|Any CPU
		DebugMinimal|x64 = DebugMinimal|x64
		DebugMinimal|x86 = DebugMinimal|x86
		Documentation|Any CPU = Documentation|Any CPU
		Documentation|x64 = Documentation|x64
		Documentation|x86 = Documentation|x86
		Nsis|Any CPU = Nsis|Any CPU
		Nsis|x64 = Nsis|x64
		Nsis|x86 = Nsis|x86
		Release|Any CPU = Release|Any CPU
		Release|x64 = Release|x64
		Release|x86 = Release|x86
		ReleaseMinimal|Any CPU = ReleaseMinimal|Any CPU
		ReleaseMinimal|x64 = ReleaseMinimal|x64
		ReleaseMinimal|x86 = ReleaseMinimal|x86
	EndGlobalSection
	GlobalSection(ProjectConfigurationPlatforms) = postSolution
		{6961DA9A-D260-4822-8478-60D39AEDB483}.Debug|Any CPU.ActiveCfg = Debug|Any CPU
		{6961DA9A-D260-4822-8478-60D39AEDB483}.Debug|Any CPU.Build.0 = Debug|Any CPU
		{6961DA9A-D260-4822-8478-60D39AEDB483}.Debug|x64.ActiveCfg = Debug|Any CPU
		{6961DA9A-D260-4822-8478-60D39AEDB483}.Debug|x64.Build.0 = Debug|Any CPU
		{6961DA9A-D260-4822-8478-60D39AEDB483}.Debug|x86.ActiveCfg = Debug|Any CPU
		{6961DA9A-D260-4822-8478-60D39AEDB483}.Debug|x86.Build.0 = Debug|Any CPU
		{6961DA9A-D260-4822-8478-60D39AEDB483}.DebugMinimal|Any CPU.ActiveCfg = Debug|Any CPU
		{6961DA9A-D260-4822-8478-60D39AEDB483}.DebugMinimal|Any CPU.Build.0 = Debug|Any CPU
		{6961DA9A-D260-4822-8478-60D39AEDB483}.DebugMinimal|x64.ActiveCfg = Debug|Any CPU
		{6961DA9A-D260-4822-8478-60D39AEDB483}.DebugMinimal|x64.Build.0 = Debug|Any CPU
		{6961DA9A-D260-4822-8478-60D39AEDB483}.DebugMinimal|x86.ActiveCfg = Debug|Any CPU
		{6961DA9A-D260-4822-8478-60D39AEDB483}.DebugMinimal|x86.Build.0 = Debug|Any CPU
		{6961DA9A-D260-4822-8478-60D39AEDB483}.Documentation|Any CPU.ActiveCfg = Debug|Any CPU
		{6961DA9A-D260-4822-8478-60D39AEDB483}.Documentation|Any CPU.Build.0 = Debug|Any CPU
		{6961DA9A-D260-4822-8478-60D39AEDB483}.Documentation|x64.ActiveCfg = Debug|Any CPU
		{6961DA9A-D260-4822-8478-60D39AEDB483}.Documentation|x64.Build.0 = Debug|Any CPU
		{6961DA9A-D260-4822-8478-60D39AEDB483}.Documentation|x86.ActiveCfg = Debug|Any CPU
		{6961DA9A-D260-4822-8478-60D39AEDB483}.Documentation|x86.Build.0 = Debug|Any CPU
		{6961DA9A-D260-4822-8478-60D39AEDB483}.Nsis|Any CPU.ActiveCfg = Release|Any CPU
		{6961DA9A-D260-4822-8478-60D39AEDB483}.Nsis|Any CPU.Build.0 = Release|Any CPU
		{6961DA9A-D260-4822-8478-60D39AEDB483}.Nsis|x64.ActiveCfg = Release|Any CPU
		{6961DA9A-D260-4822-8478-60D39AEDB483}.Nsis|x64.Build.0 = Release|Any CPU
		{6961DA9A-D260-4822-8478-60D39AEDB483}.Nsis|x86.ActiveCfg = Release|Any CPU
		{6961DA9A-D260-4822-8478-60D39AEDB483}.Nsis|x86.Build.0 = Release|Any CPU
		{6961DA9A-D260-4822-8478-60D39AEDB483}.Release|Any CPU.ActiveCfg = Release|Any CPU
		{6961DA9A-D260-4822-8478-60D39AEDB483}.Release|Any CPU.Build.0 = Release|Any CPU
		{6961DA9A-D260-4822-8478-60D39AEDB483}.Release|x64.ActiveCfg = Release|Any CPU
		{6961DA9A-D260-4822-8478-60D39AEDB483}.Release|x64.Build.0 = Release|Any CPU
		{6961DA9A-D260-4822-8478-60D39AEDB483}.Release|x86.ActiveCfg = Release|Any CPU
		{6961DA9A-D260-4822-8478-60D39AEDB483}.Release|x86.Build.0 = Release|Any CPU
		{6961DA9A-D260-4822-8478-60D39AEDB483}.ReleaseMinimal|Any CPU.ActiveCfg = Release|Any CPU
		{6961DA9A-D260-4822-8478-60D39AEDB483}.ReleaseMinimal|Any CPU.Build.0 = Release|Any CPU
		{6961DA9A-D260-4822-8478-60D39AEDB483}.ReleaseMinimal|x64.ActiveCfg = Release|Any CPU
		{6961DA9A-D260-4822-8478-60D39AEDB483}.ReleaseMinimal|x64.Build.0 = Release|Any CPU
		{6961DA9A-D260-4822-8478-60D39AEDB483}.ReleaseMinimal|x86.ActiveCfg = Release|Any CPU
		{6961DA9A-D260-4822-8478-60D39AEDB483}.ReleaseMinimal|x86.Build.0 = Release|Any CPU
		{A37A7E14-0000-0000-0000-000000000000}.Debug|Any CPU.ActiveCfg = Debug|Any CPU
		{A37A7E14-0000-0000-0000-000000000000}.Debug|Any CPU.Build.0 = Debug|Any CPU
		{A37A7E14-0000-0000-0000-000000000000}.Debug|x64.ActiveCfg = Debug|x64
		{A37A7E14-0000-0000-0000-000000000000}.Debug|x64.Build.0 = Debug|x64
		{A37A7E14-0000-0000-0000-000000000000}.Debug|x86.ActiveCfg = Debug|Any CPU
		{A37A7E14-0000-0000-0000-000000000000}.Debug|x86.Build.0 = Debug|Any CPU
		{A37A7E14-0000-0000-0000-000000000000}.DebugMinimal|Any CPU.ActiveCfg = DebugMinimal|Any CPU
		{A37A7E14-0000-0000-0000-000000000000}.DebugMinimal|Any CPU.Build.0 = DebugMinimal|Any CPU
		{A37A7E14-0000-0000-0000-000000000000}.DebugMinimal|x64.ActiveCfg = DebugMinimal|x64
		{A37A7E14-0000-0000-0000-000000000000}.DebugMinimal|x64.Build.0 = DebugMinimal|x64
		{A37A7E14-0000-0000-0000-000000000000}.DebugMinimal|x86.ActiveCfg = DebugMinimal|Any CPU
		{A37A7E14-0000-0000-0000-000000000000}.DebugMinimal|x86.Build.0 = DebugMinimal|Any CPU
		{A37A7E14-0000-0000-0000-000000000000}.Documentation|Any CPU.ActiveCfg = Documentation|Any CPU
		{A37A7E14-0000-0000-0000-000000000000}.Documentation|Any CPU.Build.0 = Documentation|Any CPU
		{A37A7E14-0000-0000-0000-000000000000}.Documentation|x64.ActiveCfg = Documentation|x64
		{A37A7E14-0000-0000-0000-000000000000}.Documentation|x64.Build.0 = Documentation|x64
		{A37A7E14-0000-0000-0000-000000000000}.Documentation|x86.ActiveCfg = Documentation|Any CPU
		{A37A7E14-0000-0000-0000-000000000000}.Documentation|x86.Build.0 = Documentation|Any CPU
		{A37A7E14-0000-0000-0000-000000000000}.Nsis|Any CPU.ActiveCfg = Nsis|Any CPU
		{A37A7E14-0000-0000-0000-000000000000}.Nsis|Any CPU.Build.0 = Nsis|Any CPU
		{A37A7E14-0000-0000-0000-000000000000}.Nsis|x64.ActiveCfg = Nsis|x64
		{A37A7E14-0000-0000-0000-000000000000}.Nsis|x64.Build.0 = Nsis|x64
		{A37A7E14-0000-0000-0000-000000000000}.Nsis|x86.ActiveCfg = Nsis|Any CPU
		{A37A7E14-0000-0000-0000-000000000000}.Nsis|x86.Build.0 = Nsis|Any CPU
		{A37A7E14-0000-0000-0000-000000000000}.Release|Any CPU.ActiveCfg = Release|Any CPU
		{A37A7E14-0000-0000-0000-000000000000}.Release|Any CPU.Build.0 = Release|Any CPU
		{A37A7E14-0000-0000-0000-000000000000}.Release|x64.ActiveCfg = Release|x64
		{A37A7E14-0000-0000-0000-000000000000}.Release|x64.Build.0 = Release|x64
		{A37A7E14-0000-0000-0000-000000000000}.Release|x86.ActiveCfg = Release|Any CPU
		{A37A7E14-0000-0000-0000-000000000000}.Release|x86.Build.0 = Release|Any CPU
		{A37A7E14-0000-0000-0000-000000000000}.ReleaseMinimal|Any CPU.ActiveCfg = ReleaseMinimal|Any CPU
		{A37A7E14-0000-0000-0000-000000000000}.ReleaseMinimal|Any CPU.Build.0 = ReleaseMinimal|Any CPU
		{A37A7E14-0000-0000-0000-000000000000}.ReleaseMinimal|x64.ActiveCfg = ReleaseMinimal|x64
		{A37A7E14-0000-0000-0000-000000000000}.ReleaseMinimal|x64.Build.0 = ReleaseMinimal|x64
		{A37A7E14-0000-0000-0000-000000000000}.ReleaseMinimal|x86.ActiveCfg = ReleaseMinimal|Any CPU
		{A37A7E14-0000-0000-0000-000000000000}.ReleaseMinimal|x86.Build.0 = ReleaseMinimal|Any CPU
		{99EE201E-CE26-44A5-AB48-6AFE197CD002}.Debug|Any CPU.ActiveCfg = Debug|Any CPU
		{99EE201E-CE26-44A5-AB48-6AFE197CD002}.Debug|Any CPU.Build.0 = Debug|Any CPU
		{99EE201E-CE26-44A5-AB48-6AFE197CD002}.Debug|x64.ActiveCfg = Debug|x64
		{99EE201E-CE26-44A5-AB48-6AFE197CD002}.Debug|x64.Build.0 = Debug|x64
		{99EE201E-CE26-44A5-AB48-6AFE197CD002}.Debug|x86.ActiveCfg = Debug|x86
		{99EE201E-CE26-44A5-AB48-6AFE197CD002}.Debug|x86.Build.0 = Debug|x86
		{99EE201E-CE26-44A5-AB48-6AFE197CD002}.DebugMinimal|Any CPU.ActiveCfg = Debug|Any CPU
		{99EE201E-CE26-44A5-AB48-6AFE197CD002}.DebugMinimal|Any CPU.Build.0 = Debug|Any CPU
		{99EE201E-CE26-44A5-AB48-6AFE197CD002}.DebugMinimal|x64.ActiveCfg = Debug|x64
		{99EE201E-CE26-44A5-AB48-6AFE197CD002}.DebugMinimal|x64.Build.0 = Debug|x64
		{99EE201E-CE26-44A5-AB48-6AFE197CD002}.DebugMinimal|x86.ActiveCfg = Debug|x86
		{99EE201E-CE26-44A5-AB48-6AFE197CD002}.DebugMinimal|x86.Build.0 = Debug|x86
		{99EE201E-CE26-44A5-AB48-6AFE197CD002}.Documentation|Any CPU.ActiveCfg = Debug|Any CPU
		{99EE201E-CE26-44A5-AB48-6AFE197CD002}.Documentation|Any CPU.Build.0 = Debug|Any CPU
		{99EE201E-CE26-44A5-AB48-6AFE197CD002}.Documentation|x64.ActiveCfg = Debug|x64
		{99EE201E-CE26-44A5-AB48-6AFE197CD002}.Documentation|x64.Build.0 = Debug|x64
		{99EE201E-CE26-44A5-AB48-6AFE197CD002}.Documentation|x86.ActiveCfg = Debug|x86
		{99EE201E-CE26-44A5-AB48-6AFE197CD002}.Documentation|x86.Build.0 = Debug|x86
		{99EE201E-CE26-44A5-AB48-6AFE197CD002}.Nsis|Any CPU.ActiveCfg = Release|Any CPU
		{99EE201E-CE26-44A5-AB48-6AFE197CD002}.Nsis|Any CPU.Build.0 = Release|Any CPU
		{99EE201E-CE26-44A5-AB48-6AFE197CD002}.Nsis|x64.ActiveCfg = Release|x64
		{99EE201E-CE26-44A5-AB48-6AFE197CD002}.Nsis|x64.Build.0 = Release|x64
		{99EE201E-CE26-44A5-AB48-6AFE197CD002}.Nsis|x86.ActiveCfg = Release|x86
		{99EE201E-CE26-44A5-AB48-6AFE197CD002}.Nsis|x86.Build.0 = Release|x86
		{99EE201E-CE26-44A5-AB48-6AFE197CD002}.Release|Any CPU.ActiveCfg = Release|Any CPU
		{99EE201E-CE26-44A5-AB48-6AFE197CD002}.Release|Any CPU.Build.0 = Release|Any CPU
		{99EE201E-CE26-44A5-AB48-6AFE197CD002}.Release|x64.ActiveCfg = Release|x64
		{99EE201E-CE26-44A5-AB48-6AFE197CD002}.Release|x64.Build.0 = Release|x64
		{99EE201E-CE26-44A5-AB48-6AFE197CD002}.Release|x86.ActiveCfg = Release|x86
		{99EE201E-CE26-44A5-AB48-6AFE197CD002}.Release|x86.Build.0 = Release|x86
		{99EE201E-CE26-44A5-AB48-6AFE197CD002}.ReleaseMinimal|Any CPU.ActiveCfg = Release|Any CPU
		{99EE201E-CE26-44A5-AB48-6AFE197CD002}.ReleaseMinimal|Any CPU.Build.0 = Release|Any CPU
		{99EE201E-CE26-44A5-AB48-6AFE197CD002}.ReleaseMinimal|x64.ActiveCfg = Release|x64
		{99EE201E-CE26-44A5-AB48-6AFE197CD002}.ReleaseMinimal|x64.Build.0 = Release|x64
		{99EE201E-CE26-44A5-AB48-6AFE197CD002}.ReleaseMinimal|x86.ActiveCfg = Release|x86
		{99EE201E-CE26-44A5-AB48-6AFE197CD002}.ReleaseMinimal|x86.Build.0 = Release|x86
	EndGlobalSection
	GlobalSection(SolutionProperties) = preSolution
		HideSolutionNode = FALSE
	EndGlobalSection
EndGlobal
